// !$*UTF8*$!
{
	archiveVersion = 1;
	classes = {
	};
	objectVersion = 46;
	objects = {

/* Begin PBXBuildFile section */
		8D35CBA61E4C095D006ADA41 /* main.m in Sources */ = {isa = PBXBuildFile; fileRef = 8D35CBA51E4C095D006ADA41 /* main.m */; };
		8D35CBA91E4C095D006ADA41 /* AppDelegate.m in Sources */ = {isa = PBXBuildFile; fileRef = 8D35CBA81E4C095D006ADA41 /* AppDelegate.m */; };
		8D35CBAC1E4C095D006ADA41 /* ViewController.m in Sources */ = {isa = PBXBuildFile; fileRef = 8D35CBAB1E4C095D006ADA41 /* ViewController.m */; };
		8D35CBAF1E4C095D006ADA41 /* Main.storyboard in Resources */ = {isa = PBXBuildFile; fileRef = 8D35CBAD1E4C095D006ADA41 /* Main.storyboard */; };
		8D35CBB11E4C095D006ADA41 /* Assets.xcassets in Resources */ = {isa = PBXBuildFile; fileRef = 8D35CBB01E4C095D006ADA41 /* Assets.xcassets */; };
		8D35CBB41E4C095D006ADA41 /* LaunchScreen.storyboard in Resources */ = {isa = PBXBuildFile; fileRef = 8D35CBB21E4C095D006ADA41 /* LaunchScreen.storyboard */; };
		8D35CBBF1E4C095D006ADA41 /* layoutTests.m in Sources */ = {isa = PBXBuildFile; fileRef = 8D35CBBE1E4C095D006ADA41 /* layoutTests.m */; };
		8D35CBCA1E4C095D006ADA41 /* layoutUITests.m in Sources */ = {isa = PBXBuildFile; fileRef = 8D35CBC91E4C095D006ADA41 /* layoutUITests.m */; };
		8D35CBD81E4C14C6006ADA41 /* gitImage.png in Resources */ = {isa = PBXBuildFile; fileRef = 8D35CBD71E4C14C6006ADA41 /* gitImage.png */; };
		8D35CBDA1E4C155A006ADA41 /* github-icon.png in Resources */ = {isa = PBXBuildFile; fileRef = 8D35CBD91E4C155A006ADA41 /* github-icon.png */; };
		8D35CBDC1E4C16DC006ADA41 /* imagemfundo.jpg in Resources */ = {isa = PBXBuildFile; fileRef = 8D35CBDB1E4C16DC006ADA41 /* imagemfundo.jpg */; };
		8D35CBDE1E4C1ADF006ADA41 /* art-studios.jpg in Resources */ = {isa = PBXBuildFile; fileRef = 8D35CBDD1E4C1ADF006ADA41 /* art-studios.jpg */; };
/* End PBXBuildFile section */

/* Begin PBXContainerItemProxy section */
		8D35CBBB1E4C095D006ADA41 /* PBXContainerItemProxy */ = {
			isa = PBXContainerItemProxy;
			containerPortal = 8D35CB991E4C095D006ADA41 /* Project object */;
			proxyType = 1;
			remoteGlobalIDString = 8D35CBA01E4C095D006ADA41;
			remoteInfo = layout;
		};
		8D35CBC61E4C095D006ADA41 /* PBXContainerItemProxy */ = {
			isa = PBXContainerItemProxy;
			containerPortal = 8D35CB991E4C095D006ADA41 /* Project object */;
			proxyType = 1;
			remoteGlobalIDString = 8D35CBA01E4C095D006ADA41;
			remoteInfo = layout;
		};
/* End PBXContainerItemProxy section */

/* Begin PBXFileReference section */
		8D35CBA11E4C095D006ADA41 /* layout.app */ = {isa = PBXFileReference; explicitFileType = wrapper.application; includeInIndex = 0; path = layout.app; sourceTree = BUILT_PRODUCTS_DIR; };
		8D35CBA51E4C095D006ADA41 /* main.m */ = {isa = PBXFileReference; lastKnownFileType = sourcecode.c.objc; path = main.m; sourceTree = "<group>"; };
		8D35CBA71E4C095D006ADA41 /* AppDelegate.h */ = {isa = PBXFileReference; lastKnownFileType = sourcecode.c.h; path = AppDelegate.h; sourceTree = "<group>"; };
		8D35CBA81E4C095D006ADA41 /* AppDelegate.m */ = {isa = PBXFileReference; lastKnownFileType = sourcecode.c.objc; path = AppDelegate.m; sourceTree = "<group>"; };
		8D35CBAA1E4C095D006ADA41 /* ViewController.h */ = {isa = PBXFileReference; lastKnownFileType = sourcecode.c.h; path = ViewController.h; sourceTree = "<group>"; };
		8D35CBAB1E4C095D006ADA41 /* ViewController.m */ = {isa = PBXFileReference; lastKnownFileType = sourcecode.c.objc; path = ViewController.m; sourceTree = "<group>"; };
		8D35CBAE1E4C095D006ADA41 /* Base */ = {isa = PBXFileReference; lastKnownFileType = file.storyboard; name = Base; path = Base.lproj/Main.storyboard; sourceTree = "<group>"; };
		8D35CBB01E4C095D006ADA41 /* Assets.xcassets */ = {isa = PBXFileReference; lastKnownFileType = folder.assetcatalog; path = Assets.xcassets; sourceTree = "<group>"; };
		8D35CBB31E4C095D006ADA41 /* Base */ = {isa = PBXFileReference; lastKnownFileType = file.storyboard; name = Base; path = Base.lproj/LaunchScreen.storyboard; sourceTree = "<group>"; };
		8D35CBB51E4C095D006ADA41 /* Info.plist */ = {isa = PBXFileReference; lastKnownFileType = text.plist.xml; path = Info.plist; sourceTree = "<group>"; };
		8D35CBBA1E4C095D006ADA41 /* layoutTests.xctest */ = {isa = PBXFileReference; explicitFileType = wrapper.cfbundle; includeInIndex = 0; path = layoutTests.xctest; sourceTree = BUILT_PRODUCTS_DIR; };
		8D35CBBE1E4C095D006ADA41 /* layoutTests.m */ = {isa = PBXFileReference; lastKnownFileType = sourcecode.c.objc; path = layoutTests.m; sourceTree = "<group>"; };
		8D35CBC01E4C095D006ADA41 /* Info.plist */ = {isa = PBXFileReference; lastKnownFileType = text.plist.xml; path = Info.plist; sourceTree = "<group>"; };
		8D35CBC51E4C095D006ADA41 /* layoutUITests.xctest */ = {isa = PBXFileReference; explicitFileType = wrapper.cfbundle; includeInIndex = 0; path = layoutUITests.xctest; sourceTree = BUILT_PRODUCTS_DIR; };
		8D35CBC91E4C095D006ADA41 /* layoutUITests.m */ = {isa = PBXFileReference; lastKnownFileType = sourcecode.c.objc; path = layoutUITests.m; sourceTree = "<group>"; };
		8D35CBCB1E4C095D006ADA41 /* Info.plist */ = {isa = PBXFileReference; lastKnownFileType = text.plist.xml; path = Info.plist; sourceTree = "<group>"; };
		8D35CBD71E4C14C6006ADA41 /* gitImage.png */ = {isa = PBXFileReference; lastKnownFileType = image.png; path = gitImage.png; sourceTree = "<group>"; };
		8D35CBD91E4C155A006ADA41 /* github-icon.png */ = {isa = PBXFileReference; lastKnownFileType = image.png; path = "github-icon.png"; sourceTree = "<group>"; };
		8D35CBDB1E4C16DC006ADA41 /* imagemfundo.jpg */ = {isa = PBXFileReference; lastKnownFileType = image.jpeg; path = imagemfundo.jpg; sourceTree = "<group>"; };
		8D35CBDD1E4C1ADF006ADA41 /* art-studios.jpg */ = {isa = PBXFileReference; lastKnownFileType = image.jpeg; path = "art-studios.jpg"; sourceTree = "<group>"; };
/* End PBXFileReference section */

/* Begin PBXFrameworksBuildPhase section */
		8D35CB9E1E4C095D006ADA41 /* Frameworks */ = {
			isa = PBXFrameworksBuildPhase;
			buildActionMask = 2147483647;
			files = (
			);
			runOnlyForDeploymentPostprocessing = 0;
		};
		8D35CBB71E4C095D006ADA41 /* Frameworks */ = {
			isa = PBXFrameworksBuildPhase;
			buildActionMask = 2147483647;
			files = (
			);
			runOnlyForDeploymentPostprocessing = 0;
		};
		8D35CBC21E4C095D006ADA41 /* Frameworks */ = {
			isa = PBXFrameworksBuildPhase;
			buildActionMask = 2147483647;
			files = (
			);
			runOnlyForDeploymentPostprocessing = 0;
		};
/* End PBXFrameworksBuildPhase section */

/* Begin PBXGroup section */
		8D35CB981E4C095D006ADA41 = {
			isa = PBXGroup;
			children = (
				8D35CBA31E4C095D006ADA41 /* layout */,
				8D35CBBD1E4C095D006ADA41 /* layoutTests */,
				8D35CBC81E4C095D006ADA41 /* layoutUITests */,
				8D35CBA21E4C095D006ADA41 /* Products */,
			);
			sourceTree = "<group>";
		};
		8D35CBA21E4C095D006ADA41 /* Products */ = {
			isa = PBXGroup;
			children = (
				8D35CBA11E4C095D006ADA41 /* layout.app */,
				8D35CBBA1E4C095D006ADA41 /* layoutTests.xctest */,
				8D35CBC51E4C095D006ADA41 /* layoutUITests.xctest */,
			);
			name = Products;
			sourceTree = "<group>";
		};
		8D35CBA31E4C095D006ADA41 /* layout */ = {
			isa = PBXGroup;
			children = (
				8D35CBDD1E4C1ADF006ADA41 /* art-studios.jpg */,
				8D35CBDB1E4C16DC006ADA41 /* imagemfundo.jpg */,
				8D35CBD91E4C155A006ADA41 /* github-icon.png */,
				8D35CBD71E4C14C6006ADA41 /* gitImage.png */,
				8D35CBA71E4C095D006ADA41 /* AppDelegate.h */,
				8D35CBA81E4C095D006ADA41 /* AppDelegate.m */,
				8D35CBAA1E4C095D006ADA41 /* ViewController.h */,
				8D35CBAB1E4C095D006ADA41 /* ViewController.m */,
				8D35CBAD1E4C095D006ADA41 /* Main.storyboard */,
				8D35CBB01E4C095D006ADA41 /* Assets.xcassets */,
				8D35CBB21E4C095D006ADA41 /* LaunchScreen.storyboard */,
				8D35CBB51E4C095D006ADA41 /* Info.plist */,
				8D35CBA41E4C095D006ADA41 /* Supporting Files */,
			);
			path = layout;
			sourceTree = "<group>";
		};
		8D35CBA41E4C095D006ADA41 /* Supporting Files */ = {
			isa = PBXGroup;
			children = (
				8D35CBA51E4C095D006ADA41 /* main.m */,
			);
			name = "Supporting Files";
			sourceTree = "<group>";
		};
		8D35CBBD1E4C095D006ADA41 /* layoutTests */ = {
			isa = PBXGroup;
			children = (
				8D35CBBE1E4C095D006ADA41 /* layoutTests.m */,
				8D35CBC01E4C095D006ADA41 /* Info.plist */,
			);
			path = layoutTests;
			sourceTree = "<group>";
		};
		8D35CBC81E4C095D006ADA41 /* layoutUITests */ = {
			isa = PBXGroup;
			children = (
				8D35CBC91E4C095D006ADA41 /* layoutUITests.m */,
				8D35CBCB1E4C095D006ADA41 /* Info.plist */,
			);
			path = layoutUITests;
			sourceTree = "<group>";
		};
/* End PBXGroup section */

/* Begin PBXNativeTarget section */
		8D35CBA01E4C095D006ADA41 /* layout */ = {
			isa = PBXNativeTarget;
			buildConfigurationList = 8D35CBCE1E4C095D006ADA41 /* Build configuration list for PBXNativeTarget "layout" */;
			buildPhases = (
				8D35CB9D1E4C095D006ADA41 /* Sources */,
				8D35CB9E1E4C095D006ADA41 /* Frameworks */,
				8D35CB9F1E4C095D006ADA41 /* Resources */,
			);
			buildRules = (
			);
			dependencies = (
			);
			name = layout;
			productName = layout;
			productReference = 8D35CBA11E4C095D006ADA41 /* layout.app */;
			productType = "com.apple.product-type.application";
		};
		8D35CBB91E4C095D006ADA41 /* layoutTests */ = {
			isa = PBXNativeTarget;
			buildConfigurationList = 8D35CBD11E4C095D006ADA41 /* Build configuration list for PBXNativeTarget "layoutTests" */;
			buildPhases = (
				8D35CBB61E4C095D006ADA41 /* Sources */,
				8D35CBB71E4C095D006ADA41 /* Frameworks */,
				8D35CBB81E4C095D006ADA41 /* Resources */,
			);
			buildRules = (
			);
			dependencies = (
				8D35CBBC1E4C095D006ADA41 /* PBXTargetDependency */,
			);
			name = layoutTests;
			productName = layoutTests;
			productReference = 8D35CBBA1E4C095D006ADA41 /* layoutTests.xctest */;
			productType = "com.apple.product-type.bundle.unit-test";
		};
		8D35CBC41E4C095D006ADA41 /* layoutUITests */ = {
			isa = PBXNativeTarget;
			buildConfigurationList = 8D35CBD41E4C095D006ADA41 /* Build configuration list for PBXNativeTarget "layoutUITests" */;
			buildPhases = (
				8D35CBC11E4C095D006ADA41 /* Sources */,
				8D35CBC21E4C095D006ADA41 /* Frameworks */,
				8D35CBC31E4C095D006ADA41 /* Resources */,
			);
			buildRules = (
			);
			dependencies = (
				8D35CBC71E4C095D006ADA41 /* PBXTargetDependency */,
			);
			name = layoutUITests;
			productName = layoutUITests;
			productReference = 8D35CBC51E4C095D006ADA41 /* layoutUITests.xctest */;
			productType = "com.apple.product-type.bundle.ui-testing";
		};
/* End PBXNativeTarget section */

/* Begin PBXProject section */
		8D35CB991E4C095D006ADA41 /* Project object */ = {
			isa = PBXProject;
			attributes = {
				LastUpgradeCheck = 0820;
				ORGANIZATIONNAME = "George Michelon";
				TargetAttributes = {
					8D35CBA01E4C095D006ADA41 = {
						CreatedOnToolsVersion = 8.2.1;
						DevelopmentTeam = NQCYS2UPW9;
						ProvisioningStyle = Automatic;
					};
					8D35CBB91E4C095D006ADA41 = {
						CreatedOnToolsVersion = 8.2.1;
						DevelopmentTeam = NQCYS2UPW9;
						ProvisioningStyle = Automatic;
						TestTargetID = 8D35CBA01E4C095D006ADA41;
					};
					8D35CBC41E4C095D006ADA41 = {
						CreatedOnToolsVersion = 8.2.1;
						DevelopmentTeam = NQCYS2UPW9;
						ProvisioningStyle = Automatic;
						TestTargetID = 8D35CBA01E4C095D006ADA41;
					};
				};
			};
			buildConfigurationList = 8D35CB9C1E4C095D006ADA41 /* Build configuration list for PBXProject "layout" */;
			compatibilityVersion = "Xcode 3.2";
			developmentRegion = English;
			hasScannedForEncodings = 0;
			knownRegions = (
				en,
				Base,
			);
			mainGroup = 8D35CB981E4C095D006ADA41;
			productRefGroup = 8D35CBA21E4C095D006ADA41 /* Products */;
			projectDirPath = "";
			projectRoot = "";
			targets = (
				8D35CBA01E4C095D006ADA41 /* layout */,
				8D35CBB91E4C095D006ADA41 /* layoutTests */,
				8D35CBC41E4C095D006ADA41 /* layoutUITests */,
			);
		};
/* End PBXProject section */

/* Begin PBXResourcesBuildPhase section */
		8D35CB9F1E4C095D006ADA41 /* Resources */ = {
			isa = PBXResourcesBuildPhase;
			buildActionMask = 2147483647;
			files = (
				8D35CBDC1E4C16DC006ADA41 /* imagemfundo.jpg in Resources */,
				8D35CBB41E4C095D006ADA41 /* LaunchScreen.storyboard in Resources */,
				8D35CBDA1E4C155A006ADA41 /* github-icon.png in Resources */,
				8D35CBDE1E4C1ADF006ADA41 /* art-studios.jpg in Resources */,
				8D35CBB11E4C095D006ADA41 /* Assets.xcassets in Resources */,
				8D35CBD81E4C14C6006ADA41 /* gitImage.png in Resources */,
				8D35CBAF1E4C095D006ADA41 /* Main.storyboard in Resources */,
			);
			runOnlyForDeploymentPostprocessing = 0;
		};
		8D35CBB81E4C095D006ADA41 /* Resources */ = {
			isa = PBXResourcesBuildPhase;
			buildActionMask = 2147483647;
			files = (
			);
			runOnlyForDeploymentPostprocessing = 0;
		};
		8D35CBC31E4C095D006ADA41 /* Resources */ = {
			isa = PBXResourcesBuildPhase;
			buildActionMask = 2147483647;
			files = (
			);
			runOnlyForDeploymentPostprocessing = 0;
		};
/* End PBXResourcesBuildPhase section */

/* Begin PBXSourcesBuildPhase section */
		8D35CB9D1E4C095D006ADA41 /* Sources */ = {
			isa = PBXSourcesBuildPhase;
			buildActionMask = 2147483647;
			files = (
				8D35CBAC1E4C095D006ADA41 /* ViewController.m in Sources */,
				8D35CBA91E4C095D006ADA41 /* AppDelegate.m in Sources */,
				8D35CBA61E4C095D006ADA41 /* main.m in Sources */,
			);
			runOnlyForDeploymentPostprocessing = 0;
		};
		8D35CBB61E4C095D006ADA41 /* Sources */ = {
			isa = PBXSourcesBuildPhase;
			buildActionMask = 2147483647;
			files = (
				8D35CBBF1E4C095D006ADA41 /* layoutTests.m in Sources */,
			);
			runOnlyForDeploymentPostprocessing = 0;
		};
		8D35CBC11E4C095D006ADA41 /* Sources */ = {
			isa = PBXSourcesBuildPhase;
			buildActionMask = 2147483647;
			files = (
				8D35CBCA1E4C095D006ADA41 /* layoutUITests.m in Sources */,
			);
			runOnlyForDeploymentPostprocessing = 0;
		};
/* End PBXSourcesBuildPhase section */

/* Begin PBXTargetDependency section */
		8D35CBBC1E4C095D006ADA41 /* PBXTargetDependency */ = {
			isa = PBXTargetDependency;
			target = 8D35CBA01E4C095D006ADA41 /* layout */;
			targetProxy = 8D35CBBB1E4C095D006ADA41 /* PBXContainerItemProxy */;
		};
		8D35CBC71E4C095D006ADA41 /* PBXTargetDependency */ = {
			isa = PBXTargetDependency;
			target = 8D35CBA01E4C095D006ADA41 /* layout */;
			targetProxy = 8D35CBC61E4C095D006ADA41 /* PBXContainerItemProxy */;
		};
/* End PBXTargetDependency section */

/* Begin PBXVariantGroup section */
		8D35CBAD1E4C095D006ADA41 /* Main.storyboard */ = {
			isa = PBXVariantGroup;
			children = (
				8D35CBAE1E4C095D006ADA41 /* Base */,
			);
			name = Main.storyboard;
			sourceTree = "<group>";
		};
		8D35CBB21E4C095D006ADA41 /* LaunchScreen.storyboard */ = {
			isa = PBXVariantGroup;
			children = (
				8D35CBB31E4C095D006ADA41 /* Base */,
			);
			name = LaunchScreen.storyboard;
			sourceTree = "<group>";
		};
/* End PBXVariantGroup section */

/* Begin XCBuildConfiguration section */
		8D35CBCC1E4C095D006ADA41 /* Debug */ = {
			isa = XCBuildConfiguration;
			buildSettings = {
				ALWAYS_SEARCH_USER_PATHS = NO;
				CLANG_ANALYZER_NONNULL = YES;
				CLANG_CXX_LANGUAGE_STANDARD = "gnu++0x";
				CLANG_CXX_LIBRARY = "libc++";
				CLANG_ENABLE_MODULES = YES;
				CLANG_ENABLE_OBJC_ARC = YES;
				CLANG_WARN_BOOL_CONVERSION = YES;
				CLANG_WARN_CONSTANT_CONVERSION = YES;
				CLANG_WARN_DIRECT_OBJC_ISA_USAGE = YES_ERROR;
				CLANG_WARN_DOCUMENTATION_COMMENTS = YES;
				CLANG_WARN_EMPTY_BODY = YES;
				CLANG_WARN_ENUM_CONVERSION = YES;
				CLANG_WARN_INFINITE_RECURSION = YES;
				CLANG_WARN_INT_CONVERSION = YES;
				CLANG_WARN_OBJC_ROOT_CLASS = YES_ERROR;
				CLANG_WARN_SUSPICIOUS_MOVE = YES;
				CLANG_WARN_UNREACHABLE_CODE = YES;
				CLANG_WARN__DUPLICATE_METHOD_MATCH = YES;
				"CODE_SIGN_IDENTITY[sdk=iphoneos*]" = "iPhone Developer";
				COPY_PHASE_STRIP = NO;
				DEBUG_INFORMATION_FORMAT = dwarf;
				ENABLE_STRICT_OBJC_MSGSEND = YES;
				ENABLE_TESTABILITY = YES;
				GCC_C_LANGUAGE_STANDARD = gnu99;
				GCC_DYNAMIC_NO_PIC = NO;
				GCC_NO_COMMON_BLOCKS = YES;
				GCC_OPTIMIZATION_LEVEL = 0;
				GCC_PREPROCESSOR_DEFINITIONS = (
					"DEBUG=1",
					"$(inherited)",
				);
				GCC_WARN_64_TO_32_BIT_CONVERSION = YES;
				GCC_WARN_ABOUT_RETURN_TYPE = YES_ERROR;
				GCC_WARN_UNDECLARED_SELECTOR = YES;
				GCC_WARN_UNINITIALIZED_AUTOS = YES_AGGRESSIVE;
				GCC_WARN_UNUSED_FUNCTION = YES;
				GCC_WARN_UNUSED_VARIABLE = YES;
				IPHONEOS_DEPLOYMENT_TARGET = 10.2;
				MTL_ENABLE_DEBUG_INFO = YES;
				ONLY_ACTIVE_ARCH = YES;
				SDKROOT = iphoneos;
				TARGETED_DEVICE_FAMILY = "1,2";
			};
			name = Debug;
		};
		8D35CBCD1E4C095D006ADA41 /* Release */ = {
			isa = XCBuildConfiguration;
			buildSettings = {
				ALWAYS_SEARCH_USER_PATHS = NO;
				CLANG_ANALYZER_NONNULL = YES;
				CLANG_CXX_LANGUAGE_STANDARD = "gnu++0x";
				CLANG_CXX_LIBRARY = "libc++";
				CLANG_ENABLE_MODULES = YES;
				CLANG_ENABLE_OBJC_ARC = YES;
				CLANG_WARN_BOOL_CONVERSION = YES;
				CLANG_WARN_CONSTANT_CONVERSION = YES;
				CLANG_WARN_DIRECT_OBJC_ISA_USAGE = YES_ERROR;
				CLANG_WARN_DOCUMENTATION_COMMENTS = YES;
				CLANG_WARN_EMPTY_BODY = YES;
				CLANG_WARN_ENUM_CONVERSION = YES;
				CLANG_WARN_INFINITE_RECURSION = YES;
				CLANG_WARN_INT_CONVERSION = YES;
				CLANG_WARN_OBJC_ROOT_CLASS = YES_ERROR;
				CLANG_WARN_SUSPICIOUS_MOVE = YES;
				CLANG_WARN_UNREACHABLE_CODE = YES;
				CLANG_WARN__DUPLICATE_METHOD_MATCH = YES;
				"CODE_SIGN_IDENTITY[sdk=iphoneos*]" = "iPhone Developer";
				COPY_PHASE_STRIP = NO;
				DEBUG_INFORMATION_FORMAT = "dwarf-with-dsym";
				ENABLE_NS_ASSERTIONS = NO;
				ENABLE_STRICT_OBJC_MSGSEND = YES;
				GCC_C_LANGUAGE_STANDARD = gnu99;
				GCC_NO_COMMON_BLOCKS = YES;
				GCC_WARN_64_TO_32_BIT_CONVERSION = YES;
				GCC_WARN_ABOUT_RETURN_TYPE = YES_ERROR;
				GCC_WARN_UNDECLARED_SELECTOR = YES;
				GCC_WARN_UNINITIALIZED_AUTOS = YES_AGGRESSIVE;
				GCC_WARN_UNUSED_FUNCTION = YES;
				GCC_WARN_UNUSED_VARIABLE = YES;
				IPHONEOS_DEPLOYMENT_TARGET = 10.2;
				MTL_ENABLE_DEBUG_INFO = NO;
				SDKROOT = iphoneos;
				TARGETED_DEVICE_FAMILY = "1,2";
				VALIDATE_PRODUCT = YES;
			};
			name = Release;
		};
		8D35CBCF1E4C095D006ADA41 /* Debug */ = {
			isa = XCBuildConfiguration;
			buildSettings = {
				ASSETCATALOG_COMPILER_APPICON_NAME = AppIcon;
				DEVELOPMENT_TEAM = NQCYS2UPW9;
				INFOPLIST_FILE = layout/Info.plist;
				IPHONEOS_DEPLOYMENT_TARGET = 9.2;
				LD_RUNPATH_SEARCH_PATHS = "$(inherited) @executable_path/Frameworks";
				PRODUCT_BUNDLE_IDENTIFIER = com.geomichelon.layout;
				PRODUCT_NAME = "$(TARGET_NAME)";
			};
			name = Debug;
		};
		8D35CBD01E4C095D006ADA41 /* Release */ = {
			isa = XCBuildConfiguration;
			buildSettings = {
				ASSETCATALOG_COMPILER_APPICON_NAME = AppIcon;
				DEVELOPMENT_TEAM = NQCYS2UPW9;
				INFOPLIST_FILE = layout/Info.plist;
				IPHONEOS_DEPLOYMENT_TARGET = 9.2;
				LD_RUNPATH_SEARCH_PATHS = "$(inherited) @executable_path/Frameworks";
				PRODUCT_BUNDLE_IDENTIFIER = com.geomichelon.layout;
				PRODUCT_NAME = "$(TARGET_NAME)";
			};
			name = Release;
		};
		8D35CBD21E4C095D006ADA41 /* Debug */ = {
			isa = XCBuildConfiguration;
			buildSettings = {
				BUNDLE_LOADER = "$(TEST_HOST)";
				DEVELOPMENT_TEAM = NQCYS2UPW9;
				INFOPLIST_FILE = layoutTests/Info.plist;
				LD_RUNPATH_SEARCH_PATHS = "$(inherited) @executable_path/Frameworks @loader_path/Frameworks";
				PRODUCT_BUNDLE_IDENTIFIER = com.geomichelon.layoutTests;
				PRODUCT_NAME = "$(TARGET_NAME)";
				TEST_HOST = "$(BUILT_PRODUCTS_DIR)/layout.app/layout";
			};
			name = Debug;
		};
		8D35CBD31E4C095D006ADA41 /* Release */ = {
			isa = XCBuildConfiguration;
			buildSettings = {
				BUNDLE_LOADER = "$(TEST_HOST)";
				DEVELOPMENT_TEAM = NQCYS2UPW9;
				INFOPLIST_FILE = layoutTests/Info.plist;
				LD_RUNPATH_SEARCH_PATHS = "$(inherited) @executable_path/Frameworks @loader_path/Frameworks";
				PRODUCT_BUNDLE_IDENTIFIER = com.geomichelon.layoutTests;
				PRODUCT_NAME = "$(TARGET_NAME)";
				TEST_HOST = "$(BUILT_PRODUCTS_DIR)/layout.app/layout";
			};
			name = Release;
		};
		8D35CBD51E4C095D006ADA41 /* Debug */ = {
			isa = XCBuildConfiguration;
			buildSettings = {
				DEVELOPMENT_TEAM = NQCYS2UPW9;
				INFOPLIST_FILE = layoutUITests/Info.plist;
				LD_RUNPATH_SEARCH_PATHS = "$(inherited) @executable_path/Frameworks @loader_path/Frameworks";
				PRODUCT_BUNDLE_IDENTIFIER = com.geomichelon.layoutUITests;
				PRODUCT_NAME = "$(TARGET_NAME)";
				TEST_TARGET_NAME = layout;
			};
			name = Debug;
		};
		8D35CBD61E4C095D006ADA41 /* Release */ = {
			isa = XCBuildConfiguration;
			buildSettings = {
				DEVELOPMENT_TEAM = NQCYS2UPW9;
				INFOPLIST_FILE = layoutUITests/Info.plist;
				LD_RUNPATH_SEARCH_PATHS = "$(inherited) @executable_path/Frameworks @loader_path/Frameworks";
				PRODUCT_BUNDLE_IDENTIFIER = com.geomichelon.layoutUITests;
				PRODUCT_NAME = "$(TARGET_NAME)";
				TEST_TARGET_NAME = layout;
			};
			name = Release;
		};
/* End XCBuildConfiguration section */

/* Begin XCConfigurationList section */
		8D35CB9C1E4C095D006ADA41 /* Build configuration list for PBXProject "layout" */ = {
			isa = XCConfigurationList;
			buildConfigurations = (
				8D35CBCC1E4C095D006ADA41 /* Debug */,
				8D35CBCD1E4C095D006ADA41 /* Release */,
			);
			defaultConfigurationIsVisible = 0;
			defaultConfigurationName = Release;
		};
		8D35CBCE1E4C095D006ADA41 /* Build configuration list for PBXNativeTarget "layout" */ = {
			isa = XCConfigurationList;
			buildConfigurations = (
				8D35CBCF1E4C095D006ADA41 /* Debug */,
				8D35CBD01E4C095D006ADA41 /* Release */,
			);
			defaultConfigurationIsVisible = 0;
		};
		8D35CBD11E4C095D006ADA41 /* Build configuration list for PBXNativeTarget "layoutTests" */ = {
			isa = XCConfigurationList;
			buildConfigurations = (
				8D35CBD21E4C095D006ADA41 /* Debug */,
				8D35CBD31E4C095D006ADA41 /* Release */,
			);
			defaultConfigurationIsVisible = 0;
		};
		8D35CBD41E4C095D006ADA41 /* Build configuration list for PBXNativeTarget "layoutUITests" */ = {
			isa = XCConfigurationList;
			buildConfigurations = (
				8D35CBD51E4C095D006ADA41 /* Debug */,
				8D35CBD61E4C095D006ADA41 /* Release */,
			);
			defaultConfigurationIsVisible = 0;
		};
/* End XCConfigurationList section */
	};
	rootObject = 8D35CB991E4C095D006ADA41 /* Project object */;
}
